{
	"name": "cloudretail",
	"lockfileVersion": 3,
	"requires": true,
	"packages": {
		"": {
			"name": "cloudretail",
			"workspaces": [
				"apps/*"
			]
		},
		"apps/api": {},
		"apps/ui": {},
		"node_modules/api": {
			"resolved": "apps/api",
			"link": true
		},
		"node_modules/ui": {
			"resolved": "apps/ui",
			"link": true
		}
	}
}
